
Microsoft Visual Studio Solution File, Format Version 12.00
# Visual Studio Version 17
VisualStudioVersion = 17.8.34309.116
MinimumVisualStudioVersion = 10.0.40219.1
Project("{9A19103F-16F7-4668-BE54-9A1E7A4F7556}") = "Callapp.Api", "Callapp.Api\Callapp.Api.csproj", "{C42D5AE0-D7D9-47D5-9973-AE89F05701C3}"
EndProject
Project("{2150E333-8FDC-42A3-9474-1A3956D46DE8}") = "src", "src", "{0BC5F09F-738E-4C7D-9BE2-A9C5140CA668}"
EndProject
Project("{2150E333-8FDC-42A3-9474-1A3956D46DE8}") = "Apis", "Apis", "{B1A188BB-617A-4861-ABA4-553DC4290C13}"
EndProject
Project("{FAE04EC0-301F-11D3-BF4B-00C04F79EFBC}") = "Identity.Api", "Identity.Api\Identity.Api.csproj", "{1D368237-DEAE-439C-A9E0-6D8AF2DAC9D0}"
EndProject
Project("{FAE04EC0-301F-11D3-BF4B-00C04F79EFBC}") = "Application", "Application\Application.csproj", "{20E1A704-1892-406C-9E22-8CFAB5168F8E}"
EndProject
Project("{FAE04EC0-301F-11D3-BF4B-00C04F79EFBC}") = "DI", "DI\DI.csproj", "{40BE975A-85E0-4653-A234-673C102D73C1}"
EndProject
Project("{FAE04EC0-301F-11D3-BF4B-00C04F79EFBC}") = "Domain", "Domain\Domain.csproj", "{4E1E8DD4-D103-4D21-AA2A-B52B26B3B71A}"
EndProject
Project("{FAE04EC0-301F-11D3-BF4B-00C04F79EFBC}") = "Infrastructure", "Infrastructure\Infrastructure.csproj", "{95ED4235-BE2D-4463-9826-DD97ADC4159F}"
EndProject
Project("{FAE04EC0-301F-11D3-BF4B-00C04F79EFBC}") = "Shared", "Shared\Shared.csproj", "{18FA8711-7379-478D-8BE7-110B2A10E719}"
EndProject
Global
	GlobalSection(SolutionConfigurationPlatforms) = preSolution
		Debug|Any CPU = Debug|Any CPU
		Release|Any CPU = Release|Any CPU
	EndGlobalSection
	GlobalSection(ProjectConfigurationPlatforms) = postSolution
		{C42D5AE0-D7D9-47D5-9973-AE89F05701C3}.Debug|Any CPU.ActiveCfg = Debug|Any CPU
		{C42D5AE0-D7D9-47D5-9973-AE89F05701C3}.Debug|Any CPU.Build.0 = Debug|Any CPU
		{C42D5AE0-D7D9-47D5-9973-AE89F05701C3}.Release|Any CPU.ActiveCfg = Release|Any CPU
		{C42D5AE0-D7D9-47D5-9973-AE89F05701C3}.Release|Any CPU.Build.0 = Release|Any CPU
		{1D368237-DEAE-439C-A9E0-6D8AF2DAC9D0}.Debug|Any CPU.ActiveCfg = Debug|Any CPU
		{1D368237-DEAE-439C-A9E0-6D8AF2DAC9D0}.Debug|Any CPU.Build.0 = Debug|Any CPU
		{1D368237-DEAE-439C-A9E0-6D8AF2DAC9D0}.Release|Any CPU.ActiveCfg = Release|Any CPU
		{1D368237-DEAE-439C-A9E0-6D8AF2DAC9D0}.Release|Any CPU.Build.0 = Release|Any CPU
		{20E1A704-1892-406C-9E22-8CFAB5168F8E}.Debug|Any CPU.ActiveCfg = Debug|Any CPU
		{20E1A704-1892-406C-9E22-8CFAB5168F8E}.Debug|Any CPU.Build.0 = Debug|Any CPU
		{20E1A704-1892-406C-9E22-8CFAB5168F8E}.Release|Any CPU.ActiveCfg = Release|Any CPU
		{20E1A704-1892-406C-9E22-8CFAB5168F8E}.Release|Any CPU.Build.0 = Release|Any CPU
		{40BE975A-85E0-4653-A234-673C102D73C1}.Debug|Any CPU.ActiveCfg = Debug|Any CPU
		{40BE975A-85E0-4653-A234-673C102D73C1}.Debug|Any CPU.Build.0 = Debug|Any CPU
		{40BE975A-85E0-4653-A234-673C102D73C1}.Release|Any CPU.ActiveCfg = Release|Any CPU
		{40BE975A-85E0-4653-A234-673C102D73C1}.Release|Any CPU.Build.0 = Release|Any CPU
		{4E1E8DD4-D103-4D21-AA2A-B52B26B3B71A}.Debug|Any CPU.ActiveCfg = Debug|Any CPU
		{4E1E8DD4-D103-4D21-AA2A-B52B26B3B71A}.Debug|Any CPU.Build.0 = Debug|Any CPU
		{4E1E8DD4-D103-4D21-AA2A-B52B26B3B71A}.Release|Any CPU.ActiveCfg = Release|Any CPU
		{4E1E8DD4-D103-4D21-AA2A-B52B26B3B71A}.Release|Any CPU.Build.0 = Release|Any CPU
		{95ED4235-BE2D-4463-9826-DD97ADC4159F}.Debug|Any CPU.ActiveCfg = Debug|Any CPU
		{95ED4235-BE2D-4463-9826-DD97ADC4159F}.Debug|Any CPU.Build.0 = Debug|Any CPU
		{95ED4235-BE2D-4463-9826-DD97ADC4159F}.Release|Any CPU.ActiveCfg = Release|Any CPU
		{95ED4235-BE2D-4463-9826-DD97ADC4159F}.Release|Any CPU.Build.0 = Release|Any CPU
		{18FA8711-7379-478D-8BE7-110B2A10E719}.Debug|Any CPU.ActiveCfg = Debug|Any CPU
		{18FA8711-7379-478D-8BE7-110B2A10E719}.Debug|Any CPU.Build.0 = Debug|Any CPU
		{18FA8711-7379-478D-8BE7-110B2A10E719}.Release|Any CPU.ActiveCfg = Release|Any CPU
		{18FA8711-7379-478D-8BE7-110B2A10E719}.Release|Any CPU.Build.0 = Release|Any CPU
	EndGlobalSection
	GlobalSection(SolutionProperties) = preSolution
		HideSolutionNode = FALSE
	EndGlobalSection
	GlobalSection(NestedProjects) = preSolution
		{C42D5AE0-D7D9-47D5-9973-AE89F05701C3} = {B1A188BB-617A-4861-ABA4-553DC4290C13}
		{B1A188BB-617A-4861-ABA4-553DC4290C13} = {0BC5F09F-738E-4C7D-9BE2-A9C5140CA668}
		{1D368237-DEAE-439C-A9E0-6D8AF2DAC9D0} = {B1A188BB-617A-4861-ABA4-553DC4290C13}
		{20E1A704-1892-406C-9E22-8CFAB5168F8E} = {0BC5F09F-738E-4C7D-9BE2-A9C5140CA668}
		{40BE975A-85E0-4653-A234-673C102D73C1} = {0BC5F09F-738E-4C7D-9BE2-A9C5140CA668}
		{4E1E8DD4-D103-4D21-AA2A-B52B26B3B71A} = {0BC5F09F-738E-4C7D-9BE2-A9C5140CA668}
		{95ED4235-BE2D-4463-9826-DD97ADC4159F} = {0BC5F09F-738E-4C7D-9BE2-A9C5140CA668}
		{18FA8711-7379-478D-8BE7-110B2A10E719} = {0BC5F09F-738E-4C7D-9BE2-A9C5140CA668}
	EndGlobalSection
	GlobalSection(ExtensibilityGlobals) = postSolution
		SolutionGuid = {7FAE333C-BA89-4D2C-8C81-24FDB403ACEF}
	EndGlobalSection
EndGlobal
